
Microsoft Visual Studio Solution File, Format Version 12.00
# Visual Studio Version 17
VisualStudioVersion = 17.14.36127.28 d17.14
MinimumVisualStudioVersion = 10.0.40219.1
Project("{FAE04EC0-301F-11D3-BF4B-00C04F79EFBC}") = "BlazorApp1", "BlazorApp1\BlazorApp1.csproj", "{9A4A95F6-4D45-4926-8CC7-AE3052078473}"
EndProject
Global
	GlobalSection(SolutionConfigurationPlatforms) = preSolution
		Debug|Any CPU = Debug|Any CPU
		Release|Any CPU = Release|Any CPU
	EndGlobalSection
	GlobalSection(ProjectConfigurationPlatforms) = postSolution
		{9A4A95F6-4D45-4926-8CC7-AE3052078473}.Debug|Any CPU.ActiveCfg = Debug|Any CPU
		{9A4A95F6-4D45-4926-8CC7-AE3052078473}.Debug|Any CPU.Build.0 = Debug|Any CPU
		{9A4A95F6-4D45-4926-8CC7-AE3052078473}.Release|Any CPU.ActiveCfg = Release|Any CPU
		{9A4A95F6-4D45-4926-8CC7-AE3052078473}.Release|Any CPU.Build.0 = Release|Any CPU
	EndGlobalSection
	GlobalSection(SolutionProperties) = preSolution
		HideSolutionNode = FALSE
	EndGlobalSection
	GlobalSection(ExtensibilityGlobals) = postSolution
		SolutionGuid = {BCF51AD5-DD09-4771-A338-7B1EA1E24134}
	EndGlobalSection
EndGlobal
